// !$*UTF8*$!
{
	archiveVersion = 1;
	classes = {
	};
	objectVersion = 50;
	objects = {

/* Begin PBXBuildFile section */
		6BB96906236ABFE900026796 /* AppDelegate.swift in Sources */ = {isa = PBXBuildFile; fileRef = 6BB96905236ABFE900026796 /* AppDelegate.swift */; };
		6BB96908236ABFE900026796 /* SceneDelegate.swift in Sources */ = {isa = PBXBuildFile; fileRef = 6BB96907236ABFE900026796 /* SceneDelegate.swift */; };
		6BB9690A236ABFE900026796 /* ViewController.swift in Sources */ = {isa = PBXBuildFile; fileRef = 6BB96909236ABFE900026796 /* ViewController.swift */; };
		6BB9690D236ABFE900026796 /* Main.storyboard in Resources */ = {isa = PBXBuildFile; fileRef = 6BB9690B236ABFE900026796 /* Main.storyboard */; };
		6BB9690F236ABFEB00026796 /* Assets.xcassets in Resources */ = {isa = PBXBuildFile; fileRef = 6BB9690E236ABFEB00026796 /* Assets.xcassets */; };
		6BB96912236ABFEB00026796 /* LaunchScreen.storyboard in Resources */ = {isa = PBXBuildFile; fileRef = 6BB96910236ABFEB00026796 /* LaunchScreen.storyboard */; };
		6BB96926236AC35800026796 /* DelegateHelper.swift in Sources */ = {isa = PBXBuildFile; fileRef = 6BB96925236AC35800026796 /* DelegateHelper.swift */; };
		6BB9692F236AC80200026796 /* BaseViewController.swift in Sources */ = {isa = PBXBuildFile; fileRef = 6BB9692E236AC80200026796 /* BaseViewController.swift */; };
		6BB96936236AC88700026796 /* model1.swift in Sources */ = {isa = PBXBuildFile; fileRef = 6BB96935236AC88700026796 /* model1.swift */; };
		6BB96938236AC88F00026796 /* model2.swift in Sources */ = {isa = PBXBuildFile; fileRef = 6BB96937236AC88F00026796 /* model2.swift */; };
		6BB9693D236AC91500026796 /* UIImage+Extension.swift in Sources */ = {isa = PBXBuildFile; fileRef = 6BB9693C236AC91500026796 /* UIImage+Extension.swift */; };
		6BB9693F236AC91F00026796 /* String+Extension.swift in Sources */ = {isa = PBXBuildFile; fileRef = 6BB9693E236AC91F00026796 /* String+Extension.swift */; };
		6BB96941236AC93700026796 /* Noti.swift in Sources */ = {isa = PBXBuildFile; fileRef = 6BB96940236AC93700026796 /* Noti.swift */; };
		6BB96945236AC97D00026796 /* UserDefaults.swift in Sources */ = {isa = PBXBuildFile; fileRef = 6BB96944236AC97D00026796 /* UserDefaults.swift */; };
		6BB96947236AC9D800026796 /* Verify.swift in Sources */ = {isa = PBXBuildFile; fileRef = 6BB96946236AC9D800026796 /* Verify.swift */; };
/* End PBXBuildFile section */

/* Begin PBXFileReference section */
		6BB96902236ABFE900026796 /* ios-project-template.app */ = {isa = PBXFileReference; explicitFileType = wrapper.application; includeInIndex = 0; path = "ios-project-template.app"; sourceTree = BUILT_PRODUCTS_DIR; };
		6BB96905236ABFE900026796 /* AppDelegate.swift */ = {isa = PBXFileReference; lastKnownFileType = sourcecode.swift; path = AppDelegate.swift; sourceTree = "<group>"; };
		6BB96907236ABFE900026796 /* SceneDelegate.swift */ = {isa = PBXFileReference; lastKnownFileType = sourcecode.swift; path = SceneDelegate.swift; sourceTree = "<group>"; };
		6BB96909236ABFE900026796 /* ViewController.swift */ = {isa = PBXFileReference; lastKnownFileType = sourcecode.swift; path = ViewController.swift; sourceTree = "<group>"; };
		6BB9690C236ABFE900026796 /* Base */ = {isa = PBXFileReference; lastKnownFileType = file.storyboard; name = Base; path = Base.lproj/Main.storyboard; sourceTree = "<group>"; };
		6BB9690E236ABFEB00026796 /* Assets.xcassets */ = {isa = PBXFileReference; lastKnownFileType = folder.assetcatalog; path = Assets.xcassets; sourceTree = "<group>"; };
		6BB96911236ABFEB00026796 /* Base */ = {isa = PBXFileReference; lastKnownFileType = file.storyboard; name = Base; path = Base.lproj/LaunchScreen.storyboard; sourceTree = "<group>"; };
		6BB96913236ABFEB00026796 /* Info.plist */ = {isa = PBXFileReference; lastKnownFileType = text.plist.xml; path = Info.plist; sourceTree = "<group>"; };
		6BB96925236AC35800026796 /* DelegateHelper.swift */ = {isa = PBXFileReference; fileEncoding = 4; lastKnownFileType = sourcecode.swift; path = DelegateHelper.swift; sourceTree = "<group>"; };
		6BB9692E236AC80200026796 /* BaseViewController.swift */ = {isa = PBXFileReference; lastKnownFileType = sourcecode.swift; path = BaseViewController.swift; sourceTree = "<group>"; };
		6BB96935236AC88700026796 /* model1.swift */ = {isa = PBXFileReference; lastKnownFileType = sourcecode.swift; path = model1.swift; sourceTree = "<group>"; };
		6BB96937236AC88F00026796 /* model2.swift */ = {isa = PBXFileReference; lastKnownFileType = sourcecode.swift; path = model2.swift; sourceTree = "<group>"; };
		6BB9693C236AC91500026796 /* UIImage+Extension.swift */ = {isa = PBXFileReference; lastKnownFileType = sourcecode.swift; path = "UIImage+Extension.swift"; sourceTree = "<group>"; };
		6BB9693E236AC91F00026796 /* String+Extension.swift */ = {isa = PBXFileReference; lastKnownFileType = sourcecode.swift; path = "String+Extension.swift"; sourceTree = "<group>"; };
		6BB96940236AC93700026796 /* Noti.swift */ = {isa = PBXFileReference; lastKnownFileType = sourcecode.swift; path = Noti.swift; sourceTree = "<group>"; };
		6BB96944236AC97D00026796 /* UserDefaults.swift */ = {isa = PBXFileReference; lastKnownFileType = sourcecode.swift; path = UserDefaults.swift; sourceTree = "<group>"; };
		6BB96946236AC9D800026796 /* Verify.swift */ = {isa = PBXFileReference; lastKnownFileType = sourcecode.swift; path = Verify.swift; sourceTree = "<group>"; };
/* End PBXFileReference section */

/* Begin PBXFrameworksBuildPhase section */
		6BB968FF236ABFE900026796 /* Frameworks */ = {
			isa = PBXFrameworksBuildPhase;
			buildActionMask = 2147483647;
			files = (
			);
			runOnlyForDeploymentPostprocessing = 0;
		};
/* End PBXFrameworksBuildPhase section */

/* Begin PBXGroup section */
		6BB968F9236ABFE900026796 = {
			isa = PBXGroup;
			children = (
				6BB96904236ABFE900026796 /* ios-project-template */,
				6BB96903236ABFE900026796 /* Products */,
			);
			sourceTree = "<group>";
		};
		6BB96903236ABFE900026796 /* Products */ = {
			isa = PBXGroup;
			children = (
				6BB96902236ABFE900026796 /* ios-project-template.app */,
			);
			name = Products;
			sourceTree = "<group>";
		};
		6BB96904236ABFE900026796 /* ios-project-template */ = {
			isa = PBXGroup;
			children = (
				6BB9692D236AC68200026796 /* AppDelegate */,
				6BB96920236AC19B00026796 /* Base */,
				6BB9691E236AC06900026796 /* Controllers */,
				6BB9691A236AC02D00026796 /* Views */,
				6BB9691F236AC07800026796 /* Models */,
				6BB96928236AC3F300026796 /* Modules */,
				6BB9691D236AC05700026796 /* Extensions */,
				6BB96929236AC5F100026796 /* Constants */,
				6BB9691C236AC04900026796 /* Utils */,
				6BB9691B236AC03F00026796 /* Resources */,
				6BB96919236ABFF200026796 /* Supporting Files */,
			);
			path = "ios-project-template";
			sourceTree = "<group>";
		};
		6BB96919236ABFF200026796 /* Supporting Files */ = {
			isa = PBXGroup;
			children = (
				6BB96910236ABFEB00026796 /* LaunchScreen.storyboard */,
				6BB96913236ABFEB00026796 /* Info.plist */,
			);
			path = "Supporting Files";
			sourceTree = "<group>";
		};
		6BB9691A236AC02D00026796 /* Views */ = {
			isa = PBXGroup;
			children = (
				6BB96932236AC85500026796 /* View1 */,
				6BB96933236AC85C00026796 /* View2 */,
			);
			path = Views;
			sourceTree = "<group>";
		};
		6BB9691B236AC03F00026796 /* Resources */ = {
			isa = PBXGroup;
			children = (
				6BB9690E236ABFEB00026796 /* Assets.xcassets */,
			);
			path = Resources;
			sourceTree = "<group>";
		};
		6BB9691C236AC04900026796 /* Utils */ = {
			isa = PBXGroup;
			children = (
				6BB96927236AC36600026796 /* DelegateHelper */,
				6BB96924236AC28000026796 /* Libs */,
				6BB96923236AC23500026796 /* UIComponents */,
				6BB96922236AC21E00026796 /* Stores */,
				6BB96921236AC21700026796 /* Network */,
			);
			path = Utils;
			sourceTree = "<group>";
		};
		6BB9691D236AC05700026796 /* Extensions */ = {
			isa = PBXGroup;
			children = (
				6BB9693C236AC91500026796 /* UIImage+Extension.swift */,
				6BB9693E236AC91F00026796 /* String+Extension.swift */,
			);
			path = Extensions;
			sourceTree = "<group>";
		};
		6BB9691E236AC06900026796 /* Controllers */ = {
			isa = PBXGroup;
			children = (
				6BB96930236AC81E00026796 /* Page1 */,
				6BB96931236AC84900026796 /* Page2 */,
			);
			path = Controllers;
			sourceTree = "<group>";
		};
		6BB9691F236AC07800026796 /* Models */ = {
			isa = PBXGroup;
			children = (
				6BB96935236AC88700026796 /* model1.swift */,
				6BB96937236AC88F00026796 /* model2.swift */,
			);
			path = Models;
			sourceTree = "<group>";
		};
		6BB96920236AC19B00026796 /* Base */ = {
			isa = PBXGroup;
			children = (
				6BB9692E236AC80200026796 /* BaseViewController.swift */,
			);
			path = Base;
			sourceTree = "<group>";
		};
		6BB96921236AC21700026796 /* Network */ = {
			isa = PBXGroup;
			children = (
			);
			path = Network;
			sourceTree = "<group>";
		};
		6BB96922236AC21E00026796 /* Stores */ = {
			isa = PBXGroup;
			children = (
			);
			path = Stores;
			sourceTree = "<group>";
		};
		6BB96923236AC23500026796 /* UIComponents */ = {
			isa = PBXGroup;
			children = (
				6BB96953236ACB1900026796 /* Alert */,
				6BB96954236ACB1D00026796 /* Hud */,
				6BB96955236ACB2200026796 /* Input */,
			);
			path = UIComponents;
			sourceTree = "<group>";
		};
		6BB96924236AC28000026796 /* Libs */ = {
			isa = PBXGroup;
			children = (
			);
			path = Libs;
			sourceTree = "<group>";
		};
		6BB96927236AC36600026796 /* DelegateHelper */ = {
			isa = PBXGroup;
			children = (
				6BB96925236AC35800026796 /* DelegateHelper.swift */,
			);
			path = DelegateHelper;
			sourceTree = "<group>";
		};
		6BB96928236AC3F300026796 /* Modules */ = {
			isa = PBXGroup;
			children = (
				6BB96939236AC8E500026796 /* Account */,
				6BB9693B236AC8F300026796 /* Articles */,
				6BB9693A236AC8EC00026796 /* Players */,
			);
			path = Modules;
			sourceTree = "<group>";
		};
		6BB96929236AC5F100026796 /* Constants */ = {
			isa = PBXGroup;
			children = (
				6BB96940236AC93700026796 /* Noti.swift */,
				6BB96944236AC97D00026796 /* UserDefaults.swift */,
				6BB96946236AC9D800026796 /* Verify.swift */,
			);
			path = Constants;
			sourceTree = "<group>";
		};
		6BB9692D236AC68200026796 /* AppDelegate */ = {
			isa = PBXGroup;
			children = (
				6BB96905236ABFE900026796 /* AppDelegate.swift */,
				6BB96907236ABFE900026796 /* SceneDelegate.swift */,
			);
			path = AppDelegate;
			sourceTree = "<group>";
		};
		6BB96930236AC81E00026796 /* Page1 */ = {
			isa = PBXGroup;
			children = (
				6BB96909236ABFE900026796 /* ViewController.swift */,
				6BB9690B236ABFE900026796 /* Main.storyboard */,
			);
			path = Page1;
			sourceTree = "<group>";
		};
		6BB96931236AC84900026796 /* Page2 */ = {
			isa = PBXGroup;
			children = (
			);
			path = Page2;
			sourceTree = "<group>";
		};
		6BB96932236AC85500026796 /* View1 */ = {
			isa = PBXGroup;
			children = (
			);
			path = View1;
			sourceTree = "<group>";
		};
		6BB96933236AC85C00026796 /* View2 */ = {
			isa = PBXGroup;
			children = (
			);
			path = View2;
			sourceTree = "<group>";
		};
		6BB96939236AC8E500026796 /* Account */ = {
			isa = PBXGroup;
			children = (
			);
			path = Account;
			sourceTree = "<group>";
		};
		6BB9693A236AC8EC00026796 /* Players */ = {
			isa = PBXGroup;
			children = (
			);
			path = Players;
			sourceTree = "<group>";
		};
		6BB9693B236AC8F300026796 /* Articles */ = {
			isa = PBXGroup;
			children = (
			);
			path = Articles;
			sourceTree = "<group>";
		};
		6BB96953236ACB1900026796 /* Alert */ = {
			isa = PBXGroup;
			children = (
			);
			path = Alert;
			sourceTree = "<group>";
		};
		6BB96954236ACB1D00026796 /* Hud */ = {
			isa = PBXGroup;
			children = (
			);
			path = Hud;
			sourceTree = "<group>";
		};
		6BB96955236ACB2200026796 /* Input */ = {
			isa = PBXGroup;
			children = (
			);
			path = Input;
			sourceTree = "<group>";
		};
/* End PBXGroup section */

/* Begin PBXNativeTarget section */
		6BB96901236ABFE900026796 /* ios-project-template */ = {
			isa = PBXNativeTarget;
			buildConfigurationList = 6BB96916236ABFEB00026796 /* Build configuration list for PBXNativeTarget "ios-project-template" */;
			buildPhases = (
				6BB968FE236ABFE900026796 /* Sources */,
				6BB968FF236ABFE900026796 /* Frameworks */,
				6BB96900236ABFE900026796 /* Resources */,
			);
			buildRules = (
			);
			dependencies = (
			);
			name = "ios-project-template";
			productName = "ios-project-template";
			productReference = 6BB96902236ABFE900026796 /* ios-project-template.app */;
			productType = "com.apple.product-type.application";
		};
/* End PBXNativeTarget section */

/* Begin PBXProject section */
		6BB968FA236ABFE900026796 /* Project object */ = {
			isa = PBXProject;
			attributes = {
				LastSwiftUpdateCheck = 1110;
				LastUpgradeCheck = 1110;
				ORGANIZATIONNAME = keisme;
				TargetAttributes = {
					6BB96901236ABFE900026796 = {
						CreatedOnToolsVersion = 11.1;
					};
				};
			};
			buildConfigurationList = 6BB968FD236ABFE900026796 /* Build configuration list for PBXProject "ios-project-template" */;
			compatibilityVersion = "Xcode 9.3";
			developmentRegion = en;
			hasScannedForEncodings = 0;
			knownRegions = (
				en,
				Base,
			);
			mainGroup = 6BB968F9236ABFE900026796;
			productRefGroup = 6BB96903236ABFE900026796 /* Products */;
			projectDirPath = "";
			projectRoot = "";
			targets = (
				6BB96901236ABFE900026796 /* ios-project-template */,
			);
		};
/* End PBXProject section */

/* Begin PBXResourcesBuildPhase section */
		6BB96900236ABFE900026796 /* Resources */ = {
			isa = PBXResourcesBuildPhase;
			buildActionMask = 2147483647;
			files = (
				6BB96912236ABFEB00026796 /* LaunchScreen.storyboard in Resources */,
				6BB9690F236ABFEB00026796 /* Assets.xcassets in Resources */,
				6BB9690D236ABFE900026796 /* Main.storyboard in Resources */,
			);
			runOnlyForDeploymentPostprocessing = 0;
		};
/* End PBXResourcesBuildPhase section */

/* Begin PBXSourcesBuildPhase section */
		6BB968FE236ABFE900026796 /* Sources */ = {
			isa = PBXSourcesBuildPhase;
			buildActionMask = 2147483647;
			files = (
				6BB9692F236AC80200026796 /* BaseViewController.swift in Sources */,
				6BB9693F236AC91F00026796 /* String+Extension.swift in Sources */,
				6BB96936236AC88700026796 /* model1.swift in Sources */,
				6BB96945236AC97D00026796 /* UserDefaults.swift in Sources */,
				6BB96947236AC9D800026796 /* Verify.swift in Sources */,
				6BB9690A236ABFE900026796 /* ViewController.swift in Sources */,
				6BB9693D236AC91500026796 /* UIImage+Extension.swift in Sources */,
				6BB96941236AC93700026796 /* Noti.swift in Sources */,
				6BB96906236ABFE900026796 /* AppDelegate.swift in Sources */,
				6BB96938236AC88F00026796 /* model2.swift in Sources */,
				6BB96926236AC35800026796 /* DelegateHelper.swift in Sources */,
				6BB96908236ABFE900026796 /* SceneDelegate.swift in Sources */,
			);
			runOnlyForDeploymentPostprocessing = 0;
		};
/* End PBXSourcesBuildPhase section */

/* Begin PBXVariantGroup section */
		6BB9690B236ABFE900026796 /* Main.storyboard */ = {
			isa = PBXVariantGroup;
			children = (
				6BB9690C236ABFE900026796 /* Base */,
			);
			name = Main.storyboard;
			sourceTree = "<group>";
		};
		6BB96910236ABFEB00026796 /* LaunchScreen.storyboard */ = {
			isa = PBXVariantGroup;
			children = (
				6BB96911236ABFEB00026796 /* Base */,
			);
			name = LaunchScreen.storyboard;
			sourceTree = "<group>";
		};
/* End PBXVariantGroup section */

/* Begin XCBuildConfiguration section */
		6BB96914236ABFEB00026796 /* Debug */ = {
			isa = XCBuildConfiguration;
			buildSettings = {
				ALWAYS_SEARCH_USER_PATHS = NO;
				CLANG_ANALYZER_NONNULL = YES;
				CLANG_ANALYZER_NUMBER_OBJECT_CONVERSION = YES_AGGRESSIVE;
				CLANG_CXX_LANGUAGE_STANDARD = "gnu++14";
				CLANG_CXX_LIBRARY = "libc++";
				CLANG_ENABLE_MODULES = YES;
				CLANG_ENABLE_OBJC_ARC = YES;
				CLANG_ENABLE_OBJC_WEAK = YES;
				CLANG_WARN_BLOCK_CAPTURE_AUTORELEASING = YES;
				CLANG_WARN_BOOL_CONVERSION = YES;
				CLANG_WARN_COMMA = YES;
				CLANG_WARN_CONSTANT_CONVERSION = YES;
				CLANG_WARN_DEPRECATED_OBJC_IMPLEMENTATIONS = YES;
				CLANG_WARN_DIRECT_OBJC_ISA_USAGE = YES_ERROR;
				CLANG_WARN_DOCUMENTATION_COMMENTS = YES;
				CLANG_WARN_EMPTY_BODY = YES;
				CLANG_WARN_ENUM_CONVERSION = YES;
				CLANG_WARN_INFINITE_RECURSION = YES;
				CLANG_WARN_INT_CONVERSION = YES;
				CLANG_WARN_NON_LITERAL_NULL_CONVERSION = YES;
				CLANG_WARN_OBJC_IMPLICIT_RETAIN_SELF = YES;
				CLANG_WARN_OBJC_LITERAL_CONVERSION = YES;
				CLANG_WARN_OBJC_ROOT_CLASS = YES_ERROR;
				CLANG_WARN_RANGE_LOOP_ANALYSIS = YES;
				CLANG_WARN_STRICT_PROTOTYPES = YES;
				CLANG_WARN_SUSPICIOUS_MOVE = YES;
				CLANG_WARN_UNGUARDED_AVAILABILITY = YES_AGGRESSIVE;
				CLANG_WARN_UNREACHABLE_CODE = YES;
				CLANG_WARN__DUPLICATE_METHOD_MATCH = YES;
				COPY_PHASE_STRIP = NO;
				DEBUG_INFORMATION_FORMAT = dwarf;
				ENABLE_STRICT_OBJC_MSGSEND = YES;
				ENABLE_TESTABILITY = YES;
				GCC_C_LANGUAGE_STANDARD = gnu11;
				GCC_DYNAMIC_NO_PIC = NO;
				GCC_NO_COMMON_BLOCKS = YES;
				GCC_OPTIMIZATION_LEVEL = 0;
				GCC_PREPROCESSOR_DEFINITIONS = (
					"DEBUG=1",
					"$(inherited)",
				);
				GCC_WARN_64_TO_32_BIT_CONVERSION = YES;
				GCC_WARN_ABOUT_RETURN_TYPE = YES_ERROR;
				GCC_WARN_UNDECLARED_SELECTOR = YES;
				GCC_WARN_UNINITIALIZED_AUTOS = YES_AGGRESSIVE;
				GCC_WARN_UNUSED_FUNCTION = YES;
				GCC_WARN_UNUSED_VARIABLE = YES;
				IPHONEOS_DEPLOYMENT_TARGET = 13.1;
				MTL_ENABLE_DEBUG_INFO = INCLUDE_SOURCE;
				MTL_FAST_MATH = YES;
				ONLY_ACTIVE_ARCH = YES;
				SDKROOT = iphoneos;
				SWIFT_ACTIVE_COMPILATION_CONDITIONS = DEBUG;
				SWIFT_OPTIMIZATION_LEVEL = "-Onone";
			};
			name = Debug;
		};
		6BB96915236ABFEB00026796 /* Release */ = {
			isa = XCBuildConfiguration;
			buildSettings = {
				ALWAYS_SEARCH_USER_PATHS = NO;
				CLANG_ANALYZER_NONNULL = YES;
				CLANG_ANALYZER_NUMBER_OBJECT_CONVERSION = YES_AGGRESSIVE;
				CLANG_CXX_LANGUAGE_STANDARD = "gnu++14";
				CLANG_CXX_LIBRARY = "libc++";
				CLANG_ENABLE_MODULES = YES;
				CLANG_ENABLE_OBJC_ARC = YES;
				CLANG_ENABLE_OBJC_WEAK = YES;
				CLANG_WARN_BLOCK_CAPTURE_AUTORELEASING = YES;
				CLANG_WARN_BOOL_CONVERSION = YES;
				CLANG_WARN_COMMA = YES;
				CLANG_WARN_CONSTANT_CONVERSION = YES;
				CLANG_WARN_DEPRECATED_OBJC_IMPLEMENTATIONS = YES;
				CLANG_WARN_DIRECT_OBJC_ISA_USAGE = YES_ERROR;
				CLANG_WARN_DOCUMENTATION_COMMENTS = YES;
				CLANG_WARN_EMPTY_BODY = YES;
				CLANG_WARN_ENUM_CONVERSION = YES;
				CLANG_WARN_INFINITE_RECURSION = YES;
				CLANG_WARN_INT_CONVERSION = YES;
				CLANG_WARN_NON_LITERAL_NULL_CONVERSION = YES;
				CLANG_WARN_OBJC_IMPLICIT_RETAIN_SELF = YES;
				CLANG_WARN_OBJC_LITERAL_CONVERSION = YES;
				CLANG_WARN_OBJC_ROOT_CLASS = YES_ERROR;
				CLANG_WARN_RANGE_LOOP_ANALYSIS = YES;
				CLANG_WARN_STRICT_PROTOTYPES = YES;
				CLANG_WARN_SUSPICIOUS_MOVE = YES;
				CLANG_WARN_UNGUARDED_AVAILABILITY = YES_AGGRESSIVE;
				CLANG_WARN_UNREACHABLE_CODE = YES;
				CLANG_WARN__DUPLICATE_METHOD_MATCH = YES;
				COPY_PHASE_STRIP = NO;
				DEBUG_INFORMATION_FORMAT = "dwarf-with-dsym";
				ENABLE_NS_ASSERTIONS = NO;
				ENABLE_STRICT_OBJC_MSGSEND = YES;
				GCC_C_LANGUAGE_STANDARD = gnu11;
				GCC_NO_COMMON_BLOCKS = YES;
				GCC_WARN_64_TO_32_BIT_CONVERSION = YES;
				GCC_WARN_ABOUT_RETURN_TYPE = YES_ERROR;
				GCC_WARN_UNDECLARED_SELECTOR = YES;
				GCC_WARN_UNINITIALIZED_AUTOS = YES_AGGRESSIVE;
				GCC_WARN_UNUSED_FUNCTION = YES;
				GCC_WARN_UNUSED_VARIABLE = YES;
				IPHONEOS_DEPLOYMENT_TARGET = 13.1;
				MTL_ENABLE_DEBUG_INFO = NO;
				MTL_FAST_MATH = YES;
				SDKROOT = iphoneos;
				SWIFT_COMPILATION_MODE = wholemodule;
				SWIFT_OPTIMIZATION_LEVEL = "-O";
				VALIDATE_PRODUCT = YES;
			};
			name = Release;
		};
		6BB96917236ABFEB00026796 /* Debug */ = {
			isa = XCBuildConfiguration;
			buildSettings = {
				ASSETCATALOG_COMPILER_APPICON_NAME = AppIcon;
				CODE_SIGN_STYLE = Automatic;
				DEVELOPMENT_TEAM = JHT4FL54H9;
				INFOPLIST_FILE = "ios-project-template/Supporting Files/Info.plist";
				LD_RUNPATH_SEARCH_PATHS = (
					"$(inherited)",
					"@executable_path/Frameworks",
				);
				PRODUCT_BUNDLE_IDENTIFIER = "cn.keisme.ios-project-template";
				PRODUCT_NAME = "$(TARGET_NAME)";
				SWIFT_VERSION = 5.0;
				TARGETED_DEVICE_FAMILY = "1,2";
			};
			name = Debug;
		};
		6BB96918236ABFEB00026796 /* Release */ = {
			isa = XCBuildConfiguration;
			buildSettings = {
				ASSETCATALOG_COMPILER_APPICON_NAME = AppIcon;
				CODE_SIGN_STYLE = Automatic;
				DEVELOPMENT_TEAM = JHT4FL54H9;
				INFOPLIST_FILE = "ios-project-template/Supporting Files/Info.plist";
				LD_RUNPATH_SEARCH_PATHS = (
					"$(inherited)",
					"@executable_path/Frameworks",
				);
				PRODUCT_BUNDLE_IDENTIFIER = "cn.keisme.ios-project-template";
				PRODUCT_NAME = "$(TARGET_NAME)";
				SWIFT_VERSION = 5.0;
				TARGETED_DEVICE_FAMILY = "1,2";
			};
			name = Release;
		};
/* End XCBuildConfiguration section */

/* Begin XCConfigurationList section */
		6BB968FD236ABFE900026796 /* Build configuration list for PBXProject "ios-project-template" */ = {
			isa = XCConfigurationList;
			buildConfigurations = (
				6BB96914236ABFEB00026796 /* Debug */,
				6BB96915236ABFEB00026796 /* Release */,
			);
			defaultConfigurationIsVisible = 0;
			defaultConfigurationName = Release;
		};
		6BB96916236ABFEB00026796 /* Build configuration list for PBXNativeTarget "ios-project-template" */ = {
			isa = XCConfigurationList;
			buildConfigurations = (
				6BB96917236ABFEB00026796 /* Debug */,
				6BB96918236ABFEB00026796 /* Release */,
			);
			defaultConfigurationIsVisible = 0;
			defaultConfigurationName = Release;
		};
/* End XCConfigurationList section */
	};
	rootObject = 6BB968FA236ABFE900026796 /* Project object */;
}
